// !$*UTF8*$!
{
	archiveVersion = 1;
	classes = {
	};
	objectVersion = 46;
	objects = {

/* Begin PBXBuildFile section */
		430012051C047C9A0065CE88 /* AppDelegate.swift in Sources */ = {isa = PBXBuildFile; fileRef = 430012041C047C9A0065CE88 /* AppDelegate.swift */; };
		430012071C047C9A0065CE88 /* FirstViewController.swift in Sources */ = {isa = PBXBuildFile; fileRef = 430012061C047C9A0065CE88 /* FirstViewController.swift */; };
		430012091C047C9A0065CE88 /* SecondViewController.swift in Sources */ = {isa = PBXBuildFile; fileRef = 430012081C047C9A0065CE88 /* SecondViewController.swift */; };
		4300120C1C047C9A0065CE88 /* Main.storyboard in Resources */ = {isa = PBXBuildFile; fileRef = 4300120A1C047C9A0065CE88 /* Main.storyboard */; };
		4300120E1C047C9A0065CE88 /* Assets.xcassets in Resources */ = {isa = PBXBuildFile; fileRef = 4300120D1C047C9A0065CE88 /* Assets.xcassets */; };
		430012111C047C9A0065CE88 /* LaunchScreen.storyboard in Resources */ = {isa = PBXBuildFile; fileRef = 4300120F1C047C9A0065CE88 /* LaunchScreen.storyboard */; };
		430012191C047EED0065CE88 /* JokeCell.swift in Sources */ = {isa = PBXBuildFile; fileRef = 430012181C047EED0065CE88 /* JokeCell.swift */; };
		4300121B1C047F0E0065CE88 /* JokeCell.xib in Resources */ = {isa = PBXBuildFile; fileRef = 4300121A1C047F0E0065CE88 /* JokeCell.xib */; };
		430012201C04832C0065CE88 /* Joke.swift in Sources */ = {isa = PBXBuildFile; fileRef = 4300121F1C04832C0065CE88 /* Joke.swift */; };
		430A6C3A1C053AB0001F12DC /* JokeUtil.swift in Sources */ = {isa = PBXBuildFile; fileRef = 430A6C391C053AB0001F12DC /* JokeUtil.swift */; };
		430A6C551C053B79001F12DC /* Haneke.framework in Frameworks */ = {isa = PBXBuildFile; fileRef = 430A6C501C053B70001F12DC /* Haneke.framework */; settings = {ATTRIBUTES = (Required, ); }; };
		430A6C561C053B79001F12DC /* Haneke.framework in Embed Frameworks */ = {isa = PBXBuildFile; fileRef = 430A6C501C053B70001F12DC /* Haneke.framework */; settings = {ATTRIBUTES = (CodeSignOnCopy, RemoveHeadersOnCopy, ); }; };
		430A6C721C053B90001F12DC /* Alamofire.framework in Frameworks */ = {isa = PBXBuildFile; fileRef = 430A6C651C053B89001F12DC /* Alamofire.framework */; };
		430A6C731C053B90001F12DC /* Alamofire.framework in Embed Frameworks */ = {isa = PBXBuildFile; fileRef = 430A6C651C053B89001F12DC /* Alamofire.framework */; settings = {ATTRIBUTES = (CodeSignOnCopy, RemoveHeadersOnCopy, ); }; };
		43F6ECBE1C05406A001E6DCB /* SwiftyJSON.framework in Frameworks */ = {isa = PBXBuildFile; fileRef = 43F6ECB11C05405C001E6DCB /* SwiftyJSON.framework */; };
		43F6ECBF1C05406A001E6DCB /* SwiftyJSON.framework in Embed Frameworks */ = {isa = PBXBuildFile; fileRef = 43F6ECB11C05405C001E6DCB /* SwiftyJSON.framework */; settings = {ATTRIBUTES = (CodeSignOnCopy, RemoveHeadersOnCopy, ); }; };
		43F6ECD41C058D1D001E6DCB /* MBProgressHUD.framework in Frameworks */ = {isa = PBXBuildFile; fileRef = 43F6ECD31C058D0F001E6DCB /* MBProgressHUD.framework */; };
		43F6ECD51C058D1D001E6DCB /* MBProgressHUD.framework in Embed Frameworks */ = {isa = PBXBuildFile; fileRef = 43F6ECD31C058D0F001E6DCB /* MBProgressHUD.framework */; settings = {ATTRIBUTES = (CodeSignOnCopy, RemoveHeadersOnCopy, ); }; };
/* End PBXBuildFile section */

/* Begin PBXContainerItemProxy section */
		430A6C4F1C053B70001F12DC /* PBXContainerItemProxy */ = {
			isa = PBXContainerItemProxy;
			containerPortal = 430A6C491C053B70001F12DC /* Haneke.xcodeproj */;
			proxyType = 2;
			remoteGlobalIDString = A095C9561980418C00CD0F4C;
			remoteInfo = Haneke;
		};
		430A6C511C053B70001F12DC /* PBXContainerItemProxy */ = {
			isa = PBXContainerItemProxy;
			containerPortal = 430A6C491C053B70001F12DC /* Haneke.xcodeproj */;
			proxyType = 2;
			remoteGlobalIDString = A095C9611980418C00CD0F4C;
			remoteInfo = HanekeTests;
		};
		430A6C531C053B70001F12DC /* PBXContainerItemProxy */ = {
			isa = PBXContainerItemProxy;
			containerPortal = 430A6C491C053B70001F12DC /* Haneke.xcodeproj */;
			proxyType = 2;
			remoteGlobalIDString = A0026E9A19C9BFBC004DE0C6;
			remoteInfo = HanekeDemo;
		};
		430A6C571C053B79001F12DC /* PBXContainerItemProxy */ = {
			isa = PBXContainerItemProxy;
			containerPortal = 430A6C491C053B70001F12DC /* Haneke.xcodeproj */;
			proxyType = 1;
			remoteGlobalIDString = A095C9551980418C00CD0F4C;
			remoteInfo = Haneke;
		};
		430A6C641C053B89001F12DC /* PBXContainerItemProxy */ = {
			isa = PBXContainerItemProxy;
			containerPortal = 430A6C5A1C053B89001F12DC /* Alamofire.xcodeproj */;
			proxyType = 2;
			remoteGlobalIDString = F8111E3319A95C8B0040E7D1;
			remoteInfo = "Alamofire iOS";
		};
		430A6C661C053B89001F12DC /* PBXContainerItemProxy */ = {
			isa = PBXContainerItemProxy;
			containerPortal = 430A6C5A1C053B89001F12DC /* Alamofire.xcodeproj */;
			proxyType = 2;
			remoteGlobalIDString = F8111E3E19A95C8B0040E7D1;
			remoteInfo = "Alamofire iOS Tests";
		};
		430A6C681C053B89001F12DC /* PBXContainerItemProxy */ = {
			isa = PBXContainerItemProxy;
			containerPortal = 430A6C5A1C053B89001F12DC /* Alamofire.xcodeproj */;
			proxyType = 2;
			remoteGlobalIDString = 4DD67C0B1A5C55C900ED2280;
			remoteInfo = "Alamofire OSX";
		};
		430A6C6A1C053B89001F12DC /* PBXContainerItemProxy */ = {
			isa = PBXContainerItemProxy;
			containerPortal = 430A6C5A1C053B89001F12DC /* Alamofire.xcodeproj */;
			proxyType = 2;
			remoteGlobalIDString = F829C6B21A7A94F100A2CD59;
			remoteInfo = "Alamofire OSX Tests";
		};
		430A6C6C1C053B89001F12DC /* PBXContainerItemProxy */ = {
			isa = PBXContainerItemProxy;
			containerPortal = 430A6C5A1C053B89001F12DC /* Alamofire.xcodeproj */;
			proxyType = 2;
			remoteGlobalIDString = 4CF626EF1BA7CB3E0011A099;
			remoteInfo = "Alamofire tvOS";
		};
		430A6C6E1C053B89001F12DC /* PBXContainerItemProxy */ = {
			isa = PBXContainerItemProxy;
			containerPortal = 430A6C5A1C053B89001F12DC /* Alamofire.xcodeproj */;
			proxyType = 2;
			remoteGlobalIDString = 4CF626F81BA7CB3E0011A099;
			remoteInfo = "Alamofire tvOS Tests";
		};
		430A6C701C053B89001F12DC /* PBXContainerItemProxy */ = {
			isa = PBXContainerItemProxy;
			containerPortal = 430A6C5A1C053B89001F12DC /* Alamofire.xcodeproj */;
			proxyType = 2;
			remoteGlobalIDString = E4202FE01B667AA100C997FB;
			remoteInfo = "Alamofire watchOS";
		};
		430A6C741C053B90001F12DC /* PBXContainerItemProxy */ = {
			isa = PBXContainerItemProxy;
			containerPortal = 430A6C5A1C053B89001F12DC /* Alamofire.xcodeproj */;
			proxyType = 1;
			remoteGlobalIDString = F8111E3219A95C8B0040E7D1;
			remoteInfo = "Alamofire iOS";
		};
		43F6ECB01C05405C001E6DCB /* PBXContainerItemProxy */ = {
			isa = PBXContainerItemProxy;
			containerPortal = 43F6ECA61C05405C001E6DCB /* SwiftyJSON.xcodeproj */;
			proxyType = 2;
			remoteGlobalIDString = 2E4FEFDB19575BE100351305;
			remoteInfo = "SwiftyJSON iOS";
		};
		43F6ECB21C05405C001E6DCB /* PBXContainerItemProxy */ = {
			isa = PBXContainerItemProxy;
			containerPortal = 43F6ECA61C05405C001E6DCB /* SwiftyJSON.xcodeproj */;
			proxyType = 2;
			remoteGlobalIDString = 2E4FEFE619575BE100351305;
			remoteInfo = "SwiftyJSON iOS Tests";
		};
		43F6ECB41C05405C001E6DCB /* PBXContainerItemProxy */ = {
			isa = PBXContainerItemProxy;
			containerPortal = 43F6ECA61C05405C001E6DCB /* SwiftyJSON.xcodeproj */;
			proxyType = 2;
			remoteGlobalIDString = 9C7DFC5B1A9102BD005AA3F7;
			remoteInfo = "SwiftyJSON OSX";
		};
		43F6ECB61C05405C001E6DCB /* PBXContainerItemProxy */ = {
			isa = PBXContainerItemProxy;
			containerPortal = 43F6ECA61C05405C001E6DCB /* SwiftyJSON.xcodeproj */;
			proxyType = 2;
			remoteGlobalIDString = 9C7DFC651A9102BD005AA3F7;
			remoteInfo = "SwiftyJSON OSX Tests";
		};
		43F6ECB81C05405C001E6DCB /* PBXContainerItemProxy */ = {
			isa = PBXContainerItemProxy;
			containerPortal = 43F6ECA61C05405C001E6DCB /* SwiftyJSON.xcodeproj */;
			proxyType = 2;
			remoteGlobalIDString = E4D7CCE81B9465A700EE7221;
			remoteInfo = "SwiftyJSON watchOS";
		};
		43F6ECBA1C05405C001E6DCB /* PBXContainerItemProxy */ = {
			isa = PBXContainerItemProxy;
			containerPortal = 43F6ECA61C05405C001E6DCB /* SwiftyJSON.xcodeproj */;
			proxyType = 2;
			remoteGlobalIDString = 7236B4F61BAC14150020529B;
			remoteInfo = "SwiftyJSON tvOS";
		};
		43F6ECBC1C05405C001E6DCB /* PBXContainerItemProxy */ = {
			isa = PBXContainerItemProxy;
			containerPortal = 43F6ECA61C05405C001E6DCB /* SwiftyJSON.xcodeproj */;
			proxyType = 2;
			remoteGlobalIDString = A8580F741BCF5C5B00DA927B;
			remoteInfo = "SwiftyJSON tvOS Tests";
		};
		43F6ECC01C05406B001E6DCB /* PBXContainerItemProxy */ = {
			isa = PBXContainerItemProxy;
			containerPortal = 43F6ECA61C05405C001E6DCB /* SwiftyJSON.xcodeproj */;
			proxyType = 1;
			remoteGlobalIDString = 2E4FEFDA19575BE100351305;
			remoteInfo = "SwiftyJSON iOS";
		};
		43F6ECD01C058D0F001E6DCB /* PBXContainerItemProxy */ = {
			isa = PBXContainerItemProxy;
			containerPortal = 43F6ECCB1C058D0F001E6DCB /* MBProgressHUD.xcodeproj */;
			proxyType = 2;
			remoteGlobalIDString = D286A7491518C70F00E13FB8;
			remoteInfo = "MBProgressHUD Static Library";
		};
		43F6ECD21C058D0F001E6DCB /* PBXContainerItemProxy */ = {
			isa = PBXContainerItemProxy;
			containerPortal = 43F6ECCB1C058D0F001E6DCB /* MBProgressHUD.xcodeproj */;
			proxyType = 2;
			remoteGlobalIDString = 1D104D7A1ACA36CC00973364;
			remoteInfo = "MBProgressHUD Framework";
		};
		43F6ECD61C058D1D001E6DCB /* PBXContainerItemProxy */ = {
			isa = PBXContainerItemProxy;
			containerPortal = 43F6ECCB1C058D0F001E6DCB /* MBProgressHUD.xcodeproj */;
			proxyType = 1;
			remoteGlobalIDString = 1D104D791ACA36CC00973364;
			remoteInfo = "MBProgressHUD Framework";
		};
/* End PBXContainerItemProxy section */

/* Begin PBXCopyFilesBuildPhase section */
		430A6C591C053B79001F12DC /* Embed Frameworks */ = {
			isa = PBXCopyFilesBuildPhase;
			buildActionMask = 2147483647;
			dstPath = "";
			dstSubfolderSpec = 10;
			files = (
				43F6ECD51C058D1D001E6DCB /* MBProgressHUD.framework in Embed Frameworks */,
				430A6C561C053B79001F12DC /* Haneke.framework in Embed Frameworks */,
				430A6C731C053B90001F12DC /* Alamofire.framework in Embed Frameworks */,
				43F6ECBF1C05406A001E6DCB /* SwiftyJSON.framework in Embed Frameworks */,
			);
			name = "Embed Frameworks";
			runOnlyForDeploymentPostprocessing = 0;
		};
/* End PBXCopyFilesBuildPhase section */

/* Begin PBXFileReference section */
		430012011C047C9A0065CE88 /* IQiuShi.app */ = {isa = PBXFileReference; explicitFileType = wrapper.application; includeInIndex = 0; path = IQiuShi.app; sourceTree = BUILT_PRODUCTS_DIR; };
		430012041C047C9A0065CE88 /* AppDelegate.swift */ = {isa = PBXFileReference; lastKnownFileType = sourcecode.swift; path = AppDelegate.swift; sourceTree = "<group>"; };
		430012061C047C9A0065CE88 /* FirstViewController.swift */ = {isa = PBXFileReference; lastKnownFileType = sourcecode.swift; path = FirstViewController.swift; sourceTree = "<group>"; };
		430012081C047C9A0065CE88 /* SecondViewController.swift */ = {isa = PBXFileReference; lastKnownFileType = sourcecode.swift; path = SecondViewController.swift; sourceTree = "<group>"; };
		4300120B1C047C9A0065CE88 /* Base */ = {isa = PBXFileReference; lastKnownFileType = file.storyboard; name = Base; path = Base.lproj/Main.storyboard; sourceTree = "<group>"; };
		4300120D1C047C9A0065CE88 /* Assets.xcassets */ = {isa = PBXFileReference; lastKnownFileType = folder.assetcatalog; path = Assets.xcassets; sourceTree = "<group>"; };
		430012101C047C9A0065CE88 /* Base */ = {isa = PBXFileReference; lastKnownFileType = file.storyboard; name = Base; path = Base.lproj/LaunchScreen.storyboard; sourceTree = "<group>"; };
		430012121C047C9A0065CE88 /* Info.plist */ = {isa = PBXFileReference; lastKnownFileType = text.plist.xml; path = Info.plist; sourceTree = "<group>"; };
		430012181C047EED0065CE88 /* JokeCell.swift */ = {isa = PBXFileReference; fileEncoding = 4; lastKnownFileType = sourcecode.swift; path = JokeCell.swift; sourceTree = "<group>"; };
		4300121A1C047F0E0065CE88 /* JokeCell.xib */ = {isa = PBXFileReference; fileEncoding = 4; lastKnownFileType = file.xib; path = JokeCell.xib; sourceTree = "<group>"; };
		4300121F1C04832C0065CE88 /* Joke.swift */ = {isa = PBXFileReference; fileEncoding = 4; lastKnownFileType = sourcecode.swift; path = Joke.swift; sourceTree = "<group>"; };
		430A6C391C053AB0001F12DC /* JokeUtil.swift */ = {isa = PBXFileReference; fileEncoding = 4; lastKnownFileType = sourcecode.swift; path = JokeUtil.swift; sourceTree = "<group>"; };
		430A6C491C053B70001F12DC /* Haneke.xcodeproj */ = {isa = PBXFileReference; lastKnownFileType = "wrapper.pb-project"; name = Haneke.xcodeproj; path = IQiuShi/LIBRARY/Haneke.xcodeproj; sourceTree = "<group>"; };
		430A6C5A1C053B89001F12DC /* Alamofire.xcodeproj */ = {isa = PBXFileReference; lastKnownFileType = "wrapper.pb-project"; name = Alamofire.xcodeproj; path = IQiuShi/LIBRARY/Alamofire/Alamofire.xcodeproj; sourceTree = "<group>"; };
		43F6ECA61C05405C001E6DCB /* SwiftyJSON.xcodeproj */ = {isa = PBXFileReference; lastKnownFileType = "wrapper.pb-project"; name = SwiftyJSON.xcodeproj; path = IQiuShi/LIBRARY/SwiftyJSON/SwiftyJSON.xcodeproj; sourceTree = "<group>"; };
		43F6ECCB1C058D0F001E6DCB /* MBProgressHUD.xcodeproj */ = {isa = PBXFileReference; lastKnownFileType = "wrapper.pb-project"; name = MBProgressHUD.xcodeproj; path = IQiuShi/LIBRARY/MBProgressHUD/MBProgressHUD.xcodeproj; sourceTree = "<group>"; };
		43F6ECD81C058D93001E6DCB /* MBProgressHUDSwift-Bridging-Header.h */ = {isa = PBXFileReference; lastKnownFileType = sourcecode.c.h; path = "MBProgressHUDSwift-Bridging-Header.h"; sourceTree = "<group>"; };
/* End PBXFileReference section */

/* Begin PBXFrameworksBuildPhase section */
		430011FE1C047C9A0065CE88 /* Frameworks */ = {
			isa = PBXFrameworksBuildPhase;
			buildActionMask = 2147483647;
			files = (
				43F6ECD41C058D1D001E6DCB /* MBProgressHUD.framework in Frameworks */,
				430A6C551C053B79001F12DC /* Haneke.framework in Frameworks */,
				430A6C721C053B90001F12DC /* Alamofire.framework in Frameworks */,
				43F6ECBE1C05406A001E6DCB /* SwiftyJSON.framework in Frameworks */,
			);
			runOnlyForDeploymentPostprocessing = 0;
		};
/* End PBXFrameworksBuildPhase section */

/* Begin PBXGroup section */
		430011F81C047C990065CE88 = {
			isa = PBXGroup;
			children = (
				43F6ECD81C058D93001E6DCB /* MBProgressHUDSwift-Bridging-Header.h */,
				430A6C761C053C1E001F12DC /* Library */,
				430012031C047C9A0065CE88 /* IQiuShi */,
				430012021C047C9A0065CE88 /* Products */,
			);
			sourceTree = "<group>";
		};
		430012021C047C9A0065CE88 /* Products */ = {
			isa = PBXGroup;
			children = (
				430012011C047C9A0065CE88 /* IQiuShi.app */,
			);
			name = Products;
			sourceTree = "<group>";
		};
		430012031C047C9A0065CE88 /* IQiuShi */ = {
			isa = PBXGroup;
			children = (
				430012041C047C9A0065CE88 /* AppDelegate.swift */,
				43F6ECCA1C0580AD001E6DCB /* model */,
				43F6ECC91C058098001E6DCB /* view */,
				43F6ECC81C058075001E6DCB /* controller */,
				430A6C391C053AB0001F12DC /* JokeUtil.swift */,
				4300120A1C047C9A0065CE88 /* Main.storyboard */,
				4300120D1C047C9A0065CE88 /* Assets.xcassets */,
				4300120F1C047C9A0065CE88 /* LaunchScreen.storyboard */,
				430012121C047C9A0065CE88 /* Info.plist */,
			);
			path = IQiuShi;
			sourceTree = "<group>";
		};
		430A6C4A1C053B70001F12DC /* Products */ = {
			isa = PBXGroup;
			children = (
				430A6C501C053B70001F12DC /* Haneke.framework */,
				430A6C521C053B70001F12DC /* HanekeTests.xctest */,
				430A6C541C053B70001F12DC /* HanekeDemo.app */,
			);
			name = Products;
			sourceTree = "<group>";
		};
		430A6C5B1C053B89001F12DC /* Products */ = {
			isa = PBXGroup;
			children = (
				430A6C651C053B89001F12DC /* Alamofire.framework */,
				430A6C671C053B89001F12DC /* Alamofire iOS Tests.xctest */,
				430A6C691C053B89001F12DC /* Alamofire.framework */,
				430A6C6B1C053B89001F12DC /* Alamofire OSX Tests.xctest */,
				430A6C6D1C053B89001F12DC /* Alamofire.framework */,
				430A6C6F1C053B89001F12DC /* Alamofire tvOS Tests.xctest */,
				430A6C711C053B89001F12DC /* Alamofire.framework */,
			);
			name = Products;
			sourceTree = "<group>";
		};
		430A6C761C053C1E001F12DC /* Library */ = {
			isa = PBXGroup;
			children = (
				43F6ECCB1C058D0F001E6DCB /* MBProgressHUD.xcodeproj */,
				43F6ECA61C05405C001E6DCB /* SwiftyJSON.xcodeproj */,
				430A6C491C053B70001F12DC /* Haneke.xcodeproj */,
				430A6C5A1C053B89001F12DC /* Alamofire.xcodeproj */,
			);
			name = Library;
			sourceTree = "<group>";
		};
		43F6ECA71C05405C001E6DCB /* Products */ = {
			isa = PBXGroup;
			children = (
				43F6ECB11C05405C001E6DCB /* SwiftyJSON.framework */,
				43F6ECB31C05405C001E6DCB /* SwiftyJSON iOS Tests.xctest */,
				43F6ECB51C05405C001E6DCB /* SwiftyJSON.framework */,
				43F6ECB71C05405C001E6DCB /* SwiftyJSON OSX Tests.xctest */,
				43F6ECB91C05405C001E6DCB /* SwiftyJSON.framework */,
				43F6ECBB1C05405C001E6DCB /* SwiftyJSON.framework */,
				43F6ECBD1C05405C001E6DCB /* SwiftyJSON tvOS Tests.xctest */,
			);
			name = Products;
			sourceTree = "<group>";
		};
		43F6ECC81C058075001E6DCB /* controller */ = {
			isa = PBXGroup;
			children = (
				430012061C047C9A0065CE88 /* FirstViewController.swift */,
				430012081C047C9A0065CE88 /* SecondViewController.swift */,
			);
			name = controller;
			sourceTree = "<group>";
		};
		43F6ECC91C058098001E6DCB /* view */ = {
			isa = PBXGroup;
			children = (
				430012181C047EED0065CE88 /* JokeCell.swift */,
				4300121A1C047F0E0065CE88 /* JokeCell.xib */,
			);
			name = view;
			sourceTree = "<group>";
		};
		43F6ECCA1C0580AD001E6DCB /* model */ = {
			isa = PBXGroup;
			children = (
				4300121F1C04832C0065CE88 /* Joke.swift */,
			);
			name = model;
			sourceTree = "<group>";
		};
		43F6ECCC1C058D0F001E6DCB /* Products */ = {
			isa = PBXGroup;
			children = (
				43F6ECD11C058D0F001E6DCB /* libMBProgressHUD.a */,
				43F6ECD31C058D0F001E6DCB /* MBProgressHUD.framework */,
			);
			name = Products;
			sourceTree = "<group>";
		};
/* End PBXGroup section */

/* Begin PBXNativeTarget section */
		430012001C047C9A0065CE88 /* IQiuShi */ = {
			isa = PBXNativeTarget;
			buildConfigurationList = 430012151C047C9A0065CE88 /* Build configuration list for PBXNativeTarget "IQiuShi" */;
			buildPhases = (
				430011FD1C047C9A0065CE88 /* Sources */,
				430011FE1C047C9A0065CE88 /* Frameworks */,
				430011FF1C047C9A0065CE88 /* Resources */,
				430A6C591C053B79001F12DC /* Embed Frameworks */,
			);
			buildRules = (
			);
			dependencies = (
				430A6C581C053B79001F12DC /* PBXTargetDependency */,
				430A6C751C053B90001F12DC /* PBXTargetDependency */,
				43F6ECC11C05406B001E6DCB /* PBXTargetDependency */,
				43F6ECD71C058D1D001E6DCB /* PBXTargetDependency */,
			);
			name = IQiuShi;
			productName = IQiuShi;
			productReference = 430012011C047C9A0065CE88 /* IQiuShi.app */;
			productType = "com.apple.product-type.application";
		};
/* End PBXNativeTarget section */

/* Begin PBXProject section */
		430011F91C047C990065CE88 /* Project object */ = {
			isa = PBXProject;
			attributes = {
				LastSwiftUpdateCheck = 0710;
				LastUpgradeCheck = 0710;
				ORGANIZATIONNAME = chensb;
				TargetAttributes = {
					430012001C047C9A0065CE88 = {
						CreatedOnToolsVersion = 7.1;
					};
				};
			};
			buildConfigurationList = 430011FC1C047C990065CE88 /* Build configuration list for PBXProject "IQiuShi" */;
			compatibilityVersion = "Xcode 3.2";
			developmentRegion = English;
			hasScannedForEncodings = 0;
			knownRegions = (
				en,
				Base,
			);
			mainGroup = 430011F81C047C990065CE88;
			productRefGroup = 430012021C047C9A0065CE88 /* Products */;
			projectDirPath = "";
			projectReferences = (
				{
					ProductGroup = 430A6C5B1C053B89001F12DC /* Products */;
					ProjectRef = 430A6C5A1C053B89001F12DC /* Alamofire.xcodeproj */;
				},
				{
					ProductGroup = 430A6C4A1C053B70001F12DC /* Products */;
					ProjectRef = 430A6C491C053B70001F12DC /* Haneke.xcodeproj */;
				},
				{
					ProductGroup = 43F6ECCC1C058D0F001E6DCB /* Products */;
					ProjectRef = 43F6ECCB1C058D0F001E6DCB /* MBProgressHUD.xcodeproj */;
				},
				{
					ProductGroup = 43F6ECA71C05405C001E6DCB /* Products */;
					ProjectRef = 43F6ECA61C05405C001E6DCB /* SwiftyJSON.xcodeproj */;
				},
			);
			projectRoot = "";
			targets = (
				430012001C047C9A0065CE88 /* IQiuShi */,
			);
		};
/* End PBXProject section */

/* Begin PBXReferenceProxy section */
		430A6C501C053B70001F12DC /* Haneke.framework */ = {
			isa = PBXReferenceProxy;
			fileType = wrapper.framework;
			path = Haneke.framework;
			remoteRef = 430A6C4F1C053B70001F12DC /* PBXContainerItemProxy */;
			sourceTree = BUILT_PRODUCTS_DIR;
		};
		430A6C521C053B70001F12DC /* HanekeTests.xctest */ = {
			isa = PBXReferenceProxy;
			fileType = wrapper.cfbundle;
			path = HanekeTests.xctest;
			remoteRef = 430A6C511C053B70001F12DC /* PBXContainerItemProxy */;
			sourceTree = BUILT_PRODUCTS_DIR;
		};
		430A6C541C053B70001F12DC /* HanekeDemo.app */ = {
			isa = PBXReferenceProxy;
			fileType = wrapper.application;
			path = HanekeDemo.app;
			remoteRef = 430A6C531C053B70001F12DC /* PBXContainerItemProxy */;
			sourceTree = BUILT_PRODUCTS_DIR;
		};
		430A6C651C053B89001F12DC /* Alamofire.framework */ = {
			isa = PBXReferenceProxy;
			fileType = wrapper.framework;
			path = Alamofire.framework;
			remoteRef = 430A6C641C053B89001F12DC /* PBXContainerItemProxy */;
			sourceTree = BUILT_PRODUCTS_DIR;
		};
		430A6C671C053B89001F12DC /* Alamofire iOS Tests.xctest */ = {
			isa = PBXReferenceProxy;
			fileType = wrapper.cfbundle;
			path = "Alamofire iOS Tests.xctest";
			remoteRef = 430A6C661C053B89001F12DC /* PBXContainerItemProxy */;
			sourceTree = BUILT_PRODUCTS_DIR;
		};
		430A6C691C053B89001F12DC /* Alamofire.framework */ = {
			isa = PBXReferenceProxy;
			fileType = wrapper.framework;
			path = Alamofire.framework;
			remoteRef = 430A6C681C053B89001F12DC /* PBXContainerItemProxy */;
			sourceTree = BUILT_PRODUCTS_DIR;
		};
		430A6C6B1C053B89001F12DC /* Alamofire OSX Tests.xctest */ = {
			isa = PBXReferenceProxy;
			fileType = wrapper.cfbundle;
			path = "Alamofire OSX Tests.xctest";
			remoteRef = 430A6C6A1C053B89001F12DC /* PBXContainerItemProxy */;
			sourceTree = BUILT_PRODUCTS_DIR;
		};
		430A6C6D1C053B89001F12DC /* Alamofire.framework */ = {
			isa = PBXReferenceProxy;
			fileType = wrapper.framework;
			path = Alamofire.framework;
			remoteRef = 430A6C6C1C053B89001F12DC /* PBXContainerItemProxy */;
			sourceTree = BUILT_PRODUCTS_DIR;
		};
		430A6C6F1C053B89001F12DC /* Alamofire tvOS Tests.xctest */ = {
			isa = PBXReferenceProxy;
			fileType = wrapper.cfbundle;
			path = "Alamofire tvOS Tests.xctest";
			remoteRef = 430A6C6E1C053B89001F12DC /* PBXContainerItemProxy */;
			sourceTree = BUILT_PRODUCTS_DIR;
		};
		430A6C711C053B89001F12DC /* Alamofire.framework */ = {
			isa = PBXReferenceProxy;
			fileType = wrapper.framework;
			path = Alamofire.framework;
			remoteRef = 430A6C701C053B89001F12DC /* PBXContainerItemProxy */;
			sourceTree = BUILT_PRODUCTS_DIR;
		};
		43F6ECB11C05405C001E6DCB /* SwiftyJSON.framework */ = {
			isa = PBXReferenceProxy;
			fileType = wrapper.framework;
			path = SwiftyJSON.framework;
			remoteRef = 43F6ECB01C05405C001E6DCB /* PBXContainerItemProxy */;
			sourceTree = BUILT_PRODUCTS_DIR;
		};
		43F6ECB31C05405C001E6DCB /* SwiftyJSON iOS Tests.xctest */ = {
			isa = PBXReferenceProxy;
			fileType = wrapper.cfbundle;
			path = "SwiftyJSON iOS Tests.xctest";
			remoteRef = 43F6ECB21C05405C001E6DCB /* PBXContainerItemProxy */;
			sourceTree = BUILT_PRODUCTS_DIR;
		};
		43F6ECB51C05405C001E6DCB /* SwiftyJSON.framework */ = {
			isa = PBXReferenceProxy;
			fileType = wrapper.framework;
			path = SwiftyJSON.framework;
			remoteRef = 43F6ECB41C05405C001E6DCB /* PBXContainerItemProxy */;
			sourceTree = BUILT_PRODUCTS_DIR;
		};
		43F6ECB71C05405C001E6DCB /* SwiftyJSON OSX Tests.xctest */ = {
			isa = PBXReferenceProxy;
			fileType = wrapper.cfbundle;
			path = "SwiftyJSON OSX Tests.xctest";
			remoteRef = 43F6ECB61C05405C001E6DCB /* PBXContainerItemProxy */;
			sourceTree = BUILT_PRODUCTS_DIR;
		};
		43F6ECB91C05405C001E6DCB /* SwiftyJSON.framework */ = {
			isa = PBXReferenceProxy;
			fileType = wrapper.framework;
			path = SwiftyJSON.framework;
			remoteRef = 43F6ECB81C05405C001E6DCB /* PBXContainerItemProxy */;
			sourceTree = BUILT_PRODUCTS_DIR;
		};
		43F6ECBB1C05405C001E6DCB /* SwiftyJSON.framework */ = {
			isa = PBXReferenceProxy;
			fileType = wrapper.framework;
			path = SwiftyJSON.framework;
			remoteRef = 43F6ECBA1C05405C001E6DCB /* PBXContainerItemProxy */;
			sourceTree = BUILT_PRODUCTS_DIR;
		};
		43F6ECBD1C05405C001E6DCB /* SwiftyJSON tvOS Tests.xctest */ = {
			isa = PBXReferenceProxy;
			fileType = wrapper.cfbundle;
			path = "SwiftyJSON tvOS Tests.xctest";
			remoteRef = 43F6ECBC1C05405C001E6DCB /* PBXContainerItemProxy */;
			sourceTree = BUILT_PRODUCTS_DIR;
		};
		43F6ECD11C058D0F001E6DCB /* libMBProgressHUD.a */ = {
			isa = PBXReferenceProxy;
			fileType = archive.ar;
			path = libMBProgressHUD.a;
			remoteRef = 43F6ECD01C058D0F001E6DCB /* PBXContainerItemProxy */;
			sourceTree = BUILT_PRODUCTS_DIR;
		};
		43F6ECD31C058D0F001E6DCB /* MBProgressHUD.framework */ = {
			isa = PBXReferenceProxy;
			fileType = wrapper.framework;
			path = MBProgressHUD.framework;
			remoteRef = 43F6ECD21C058D0F001E6DCB /* PBXContainerItemProxy */;
			sourceTree = BUILT_PRODUCTS_DIR;
		};
/* End PBXReferenceProxy section */

/* Begin PBXResourcesBuildPhase section */
		430011FF1C047C9A0065CE88 /* Resources */ = {
			isa = PBXResourcesBuildPhase;
			buildActionMask = 2147483647;
			files = (
				430012111C047C9A0065CE88 /* LaunchScreen.storyboard in Resources */,
				4300120E1C047C9A0065CE88 /* Assets.xcassets in Resources */,
				4300121B1C047F0E0065CE88 /* JokeCell.xib in Resources */,
				4300120C1C047C9A0065CE88 /* Main.storyboard in Resources */,
			);
			runOnlyForDeploymentPostprocessing = 0;
		};
/* End PBXResourcesBuildPhase section */

/* Begin PBXSourcesBuildPhase section */
		430011FD1C047C9A0065CE88 /* Sources */ = {
			isa = PBXSourcesBuildPhase;
			buildActionMask = 2147483647;
			files = (
				430012091C047C9A0065CE88 /* SecondViewController.swift in Sources */,
				430012201C04832C0065CE88 /* Joke.swift in Sources */,
				430A6C3A1C053AB0001F12DC /* JokeUtil.swift in Sources */,
				430012051C047C9A0065CE88 /* AppDelegate.swift in Sources */,
				430012191C047EED0065CE88 /* JokeCell.swift in Sources */,
				430012071C047C9A0065CE88 /* FirstViewController.swift in Sources */,
			);
			runOnlyForDeploymentPostprocessing = 0;
		};
/* End PBXSourcesBuildPhase section */

/* Begin PBXTargetDependency section */
		430A6C581C053B79001F12DC /* PBXTargetDependency */ = {
			isa = PBXTargetDependency;
			name = Haneke;
			targetProxy = 430A6C571C053B79001F12DC /* PBXContainerItemProxy */;
		};
		430A6C751C053B90001F12DC /* PBXTargetDependency */ = {
			isa = PBXTargetDependency;
			name = "Alamofire iOS";
			targetProxy = 430A6C741C053B90001F12DC /* PBXContainerItemProxy */;
		};
		43F6ECC11C05406B001E6DCB /* PBXTargetDependency */ = {
			isa = PBXTargetDependency;
			name = "SwiftyJSON iOS";
			targetProxy = 43F6ECC01C05406B001E6DCB /* PBXContainerItemProxy */;
		};
		43F6ECD71C058D1D001E6DCB /* PBXTargetDependency */ = {
			isa = PBXTargetDependency;
			name = "MBProgressHUD Framework";
			targetProxy = 43F6ECD61C058D1D001E6DCB /* PBXContainerItemProxy */;
		};
/* End PBXTargetDependency section */

/* Begin PBXVariantGroup section */
		4300120A1C047C9A0065CE88 /* Main.storyboard */ = {
			isa = PBXVariantGroup;
			children = (
				4300120B1C047C9A0065CE88 /* Base */,
			);
			name = Main.storyboard;
			sourceTree = "<group>";
		};
		4300120F1C047C9A0065CE88 /* LaunchScreen.storyboard */ = {
			isa = PBXVariantGroup;
			children = (
				430012101C047C9A0065CE88 /* Base */,
			);
			name = LaunchScreen.storyboard;
			sourceTree = "<group>";
		};
/* End PBXVariantGroup section */

/* Begin XCBuildConfiguration section */
		430012131C047C9A0065CE88 /* Debug */ = {
			isa = XCBuildConfiguration;
			buildSettings = {
				ALWAYS_SEARCH_USER_PATHS = NO;
				CLANG_CXX_LANGUAGE_STANDARD = "gnu++0x";
				CLANG_CXX_LIBRARY = "libc++";
				CLANG_ENABLE_MODULES = YES;
				CLANG_ENABLE_OBJC_ARC = YES;
				CLANG_WARN_BOOL_CONVERSION = YES;
				CLANG_WARN_CONSTANT_CONVERSION = YES;
				CLANG_WARN_DIRECT_OBJC_ISA_USAGE = YES_ERROR;
				CLANG_WARN_EMPTY_BODY = YES;
				CLANG_WARN_ENUM_CONVERSION = YES;
				CLANG_WARN_INT_CONVERSION = YES;
				CLANG_WARN_OBJC_ROOT_CLASS = YES_ERROR;
				CLANG_WARN_UNREACHABLE_CODE = YES;
				CLANG_WARN__DUPLICATE_METHOD_MATCH = YES;
				"CODE_SIGN_IDENTITY[sdk=iphoneos*]" = "iPhone Developer";
				COPY_PHASE_STRIP = NO;
				DEBUG_INFORMATION_FORMAT = dwarf;
				ENABLE_STRICT_OBJC_MSGSEND = YES;
				ENABLE_TESTABILITY = YES;
				GCC_C_LANGUAGE_STANDARD = gnu99;
				GCC_DYNAMIC_NO_PIC = NO;
				GCC_NO_COMMON_BLOCKS = YES;
				GCC_OPTIMIZATION_LEVEL = 0;
				GCC_PREPROCESSOR_DEFINITIONS = (
					"DEBUG=1",
					"$(inherited)",
				);
				GCC_WARN_64_TO_32_BIT_CONVERSION = YES;
				GCC_WARN_ABOUT_RETURN_TYPE = YES_ERROR;
				GCC_WARN_UNDECLARED_SELECTOR = YES;
				GCC_WARN_UNINITIALIZED_AUTOS = YES_AGGRESSIVE;
				GCC_WARN_UNUSED_FUNCTION = YES;
				GCC_WARN_UNUSED_VARIABLE = YES;
				IPHONEOS_DEPLOYMENT_TARGET = 9.1;
				MTL_ENABLE_DEBUG_INFO = YES;
				ONLY_ACTIVE_ARCH = YES;
				SDKROOT = iphoneos;
				SWIFT_OPTIMIZATION_LEVEL = "-Onone";
				TARGETED_DEVICE_FAMILY = "1,2";
			};
			name = Debug;
		};
		430012141C047C9A0065CE88 /* Release */ = {
			isa = XCBuildConfiguration;
			buildSettings = {
				ALWAYS_SEARCH_USER_PATHS = NO;
				CLANG_CXX_LANGUAGE_STANDARD = "gnu++0x";
				CLANG_CXX_LIBRARY = "libc++";
				CLANG_ENABLE_MODULES = YES;
				CLANG_ENABLE_OBJC_ARC = YES;
				CLANG_WARN_BOOL_CONVERSION = YES;
				CLANG_WARN_CONSTANT_CONVERSION = YES;
				CLANG_WARN_DIRECT_OBJC_ISA_USAGE = YES_ERROR;
				CLANG_WARN_EMPTY_BODY = YES;
				CLANG_WARN_ENUM_CONVERSION = YES;
				CLANG_WARN_INT_CONVERSION = YES;
				CLANG_WARN_OBJC_ROOT_CLASS = YES_ERROR;
				CLANG_WARN_UNREACHABLE_CODE = YES;
				CLANG_WARN__DUPLICATE_METHOD_MATCH = YES;
				"CODE_SIGN_IDENTITY[sdk=iphoneos*]" = "iPhone Developer";
				COPY_PHASE_STRIP = NO;
				DEBUG_INFORMATION_FORMAT = "dwarf-with-dsym";
				ENABLE_NS_ASSERTIONS = NO;
				ENABLE_STRICT_OBJC_MSGSEND = YES;
				GCC_C_LANGUAGE_STANDARD = gnu99;
				GCC_NO_COMMON_BLOCKS = YES;
				GCC_WARN_64_TO_32_BIT_CONVERSION = YES;
				GCC_WARN_ABOUT_RETURN_TYPE = YES_ERROR;
				GCC_WARN_UNDECLARED_SELECTOR = YES;
				GCC_WARN_UNINITIALIZED_AUTOS = YES_AGGRESSIVE;
				GCC_WARN_UNUSED_FUNCTION = YES;
				GCC_WARN_UNUSED_VARIABLE = YES;
				IPHONEOS_DEPLOYMENT_TARGET = 9.1;
				MTL_ENABLE_DEBUG_INFO = NO;
				SDKROOT = iphoneos;
				TARGETED_DEVICE_FAMILY = "1,2";
				VALIDATE_PRODUCT = YES;
			};
			name = Release;
		};
		430012161C047C9A0065CE88 /* Debug */ = {
			isa = XCBuildConfiguration;
			buildSettings = {
				ASSETCATALOG_COMPILER_APPICON_NAME = AppIcon;
				EMBEDDED_CONTENT_CONTAINS_SWIFT = YES;
				INFOPLIST_FILE = IQiuShi/Info.plist;
				IPHONEOS_DEPLOYMENT_TARGET = 9.0;
				LD_RUNPATH_SEARCH_PATHS = "$(inherited) @executable_path/Frameworks";
				PRODUCT_BUNDLE_IDENTIFIER = chensb.IQiuShi;
				PRODUCT_NAME = "$(TARGET_NAME)";
			};
			name = Debug;
		};
		430012171C047C9A0065CE88 /* Release */ = {
			isa = XCBuildConfiguration;
			buildSettings = {
				ASSETCATALOG_COMPILER_APPICON_NAME = AppIcon;
				EMBEDDED_CONTENT_CONTAINS_SWIFT = YES;
				INFOPLIST_FILE = IQiuShi/Info.plist;
				IPHONEOS_DEPLOYMENT_TARGET = 9.0;
				LD_RUNPATH_SEARCH_PATHS = "$(inherited) @executable_path/Frameworks";
				PRODUCT_BUNDLE_IDENTIFIER = chensb.IQiuShi;
				PRODUCT_NAME = "$(TARGET_NAME)";
			};
			name = Release;
		};
/* End XCBuildConfiguration section */

/* Begin XCConfigurationList section */
		430011FC1C047C990065CE88 /* Build configuration list for PBXProject "IQiuShi" */ = {
			isa = XCConfigurationList;
			buildConfigurations = (
				430012131C047C9A0065CE88 /* Debug */,
				430012141C047C9A0065CE88 /* Release */,
			);
			defaultConfigurationIsVisible = 0;
			defaultConfigurationName = Release;
		};
		430012151C047C9A0065CE88 /* Build configuration list for PBXNativeTarget "IQiuShi" */ = {
			isa = XCConfigurationList;
			buildConfigurations = (
				430012161C047C9A0065CE88 /* Debug */,
				430012171C047C9A0065CE88 /* Release */,
			);
			defaultConfigurationIsVisible = 0;
			defaultConfigurationName = Release;
		};
/* End XCConfigurationList section */
	};
	rootObject = 430011F91C047C990065CE88 /* Project object */;
}
